// !$*UTF8*$!
{
	archiveVersion = 1;
	classes = {
	};
	objectVersion = 56;
	objects = {

/* Begin PBXBuildFile section */
		12174D665D8C0934C9C89B2F /* RayModeViewModel.swift in Sources */ = {isa = PBXBuildFile; fileRef = ECF2A12DB55BCB22895CDA7B /* RayModeViewModel.swift */; };
		35BE2C87AB90254BBE37F88A /* RayPanelView.swift in Sources */ = {isa = PBXBuildFile; fileRef = 8E66E820AC889AD85507F270 /* RayPanelView.swift */; };
		A757F78E0EE01836E8517DAF /* RayModeView.swift in Sources */ = {isa = PBXBuildFile; fileRef = 7A9309283794B3CF514BD50D /* RayModeView.swift */; };
		AA0001 /* JarvisAIApp.swift in Sources */ = {isa = PBXBuildFile; fileRef = AA0002 /* JarvisAIApp.swift */; };
		AA0003 /* ContentView.swift in Sources */ = {isa = PBXBuildFile; fileRef = AA0004 /* ContentView.swift */; };
		AA0005 /* Assets.xcassets in Resources */ = {isa = PBXBuildFile; fileRef = AA0006 /* Assets.xcassets */; };
		AA0007 /* Config.swift in Sources */ = {isa = PBXBuildFile; fileRef = AA0008 /* Config.swift */; };
		AA0009 /* APIService.swift in Sources */ = {isa = PBXBuildFile; fileRef = AA0010 /* APIService.swift */; };
		AA0011 /* StreamingService.swift in Sources */ = {isa = PBXBuildFile; fileRef = AA0012 /* StreamingService.swift */; };
		AA0013 /* Message.swift in Sources */ = {isa = PBXBuildFile; fileRef = AA0014 /* Message.swift */; };
		AA0015 /* ChatViewModel.swift in Sources */ = {isa = PBXBuildFile; fileRef = AA0016 /* ChatViewModel.swift */; };
		AA0017 /* MessageBubbleView.swift in Sources */ = {isa = PBXBuildFile; fileRef = AA0018 /* MessageBubbleView.swift */; };
		AA0019 /* ReasoningDropdownView.swift in Sources */ = {isa = PBXBuildFile; fileRef = AA0020 /* ReasoningDropdownView.swift */; };
		AA0021 /* FileUploadView.swift in Sources */ = {isa = PBXBuildFile; fileRef = AA0022 /* FileUploadView.swift */; };
		AA0023 /* MarkdownUI in Frameworks */ = {isa = PBXBuildFile; productRef = AA0024 /* MarkdownUI */; };
		AA0025 /* DesignSystem.swift in Sources */ = {isa = PBXBuildFile; fileRef = AA0026 /* DesignSystem.swift */; };
		AA0027 /* AppColors.swift in Sources */ = {isa = PBXBuildFile; fileRef = AA0028 /* AppColors.swift */; };
		AA0029 /* Conversation.swift in Sources */ = {isa = PBXBuildFile; fileRef = AA0030 /* Conversation.swift */; };
		AA0031 /* ConversationStorage.swift in Sources */ = {isa = PBXBuildFile; fileRef = AA0032 /* ConversationStorage.swift */; };
		AA0033 /* ChatDetailView.swift in Sources */ = {isa = PBXBuildFile; fileRef = AA0034 /* ChatDetailView.swift */; };
		AA0035 /* MessagesListView.swift in Sources */ = {isa = PBXBuildFile; fileRef = AA0036 /* MessagesListView.swift */; };
		AA0037 /* FilePreviewView.swift in Sources */ = {isa = PBXBuildFile; fileRef = AA0038 /* FilePreviewView.swift */; };
		AA0039 /* MessageActionsView.swift in Sources */ = {isa = PBXBuildFile; fileRef = AA0040 /* MessageActionsView.swift */; };
		AA0041 /* FloatingInputView.swift in Sources */ = {isa = PBXBuildFile; fileRef = AA0042 /* FloatingInputView.swift */; };
		AA0043 /* SettingsView.swift in Sources */ = {isa = PBXBuildFile; fileRef = AA0044 /* SettingsView.swift */; };
		AA0045 /* SidebarView.swift in Sources */ = {isa = PBXBuildFile; fileRef = AA0046 /* SidebarView.swift */; };
		AA0047 /* EmptyStateView.swift in Sources */ = {isa = PBXBuildFile; fileRef = AA0048 /* EmptyStateView.swift */; };
		AA0049 /* ConversationExport.swift in Sources */ = {isa = PBXBuildFile; fileRef = AA0050 /* ConversationExport.swift */; };
		AA0051 /* FocusView.swift in Sources */ = {isa = PBXBuildFile; fileRef = AA0052 /* FocusView.swift */; };
		AA0053 /* FocusPanelView.swift in Sources */ = {isa = PBXBuildFile; fileRef = AA0054 /* FocusPanelView.swift */; };
		AA0055 /* AudioPipeline.swift in Sources */ = {isa = PBXBuildFile; fileRef = AA0056 /* AudioPipeline.swift */; };
		AA0057 /* SpeechRecognitionService.swift in Sources */ = {isa = PBXBuildFile; fileRef = AA0058 /* SpeechRecognitionService.swift */; };
		AA0059 /* SpeechSynthesisService.swift in Sources */ = {isa = PBXBuildFile; fileRef = AA0060 /* SpeechSynthesisService.swift */; };
		AA0061 /* ConversationViewModel.swift in Sources */ = {isa = PBXBuildFile; fileRef = AA0062 /* ConversationViewModel.swift */; };
		AA0063 /* SiriBlobView.swift in Sources */ = {isa = PBXBuildFile; fileRef = AA0064 /* SiriBlobView.swift */; };
		AA0065 /* ConversationModeView.swift in Sources */ = {isa = PBXBuildFile; fileRef = AA0066 /* ConversationModeView.swift */; };
		AA0067 /* UnifiedPanelView.swift in Sources */ = {isa = PBXBuildFile; fileRef = AA0068 /* UnifiedPanelView.swift */; };
		AA0069 /* JarvisAppIntents.swift in Sources */ = {isa = PBXBuildFile; fileRef = AA0070 /* JarvisAppIntents.swift */; };
		AA0071 /* JarvisIntentHandler.swift in Sources */ = {isa = PBXBuildFile; fileRef = AA0072 /* JarvisIntentHandler.swift */; };
		AA0073 /* AccessibilityService.swift in Sources */ = {isa = PBXBuildFile; fileRef = AA0074 /* AccessibilityService.swift */; };
		AA0075 /* InputSimulator.swift in Sources */ = {isa = PBXBuildFile; fileRef = AA0076 /* InputSimulator.swift */; };
		AA0077 /* ShortcutsService.swift in Sources */ = {isa = PBXBuildFile; fileRef = AA0078 /* ShortcutsService.swift */; };
		AA0079 /* WorkspaceMonitor.swift in Sources */ = {isa = PBXBuildFile; fileRef = AA0080 /* WorkspaceMonitor.swift */; };
		AA0081 /* SystemNotificationService.swift in Sources */ = {isa = PBXBuildFile; fileRef = AA0082 /* SystemNotificationService.swift */; };
		AA0083 /* GlobalHotkeyService.swift in Sources */ = {isa = PBXBuildFile; fileRef = AA0084 /* GlobalHotkeyService.swift */; };
		AA0085 /* SettingsWindowView.swift in Sources */ = {isa = PBXBuildFile; fileRef = AA0086 /* SettingsWindowView.swift */; };
		DB2CBE182C9CB24447BA8D76 /* AppSearchManager.swift in Sources */ = {isa = PBXBuildFile; fileRef = 87616BAE84AEC6E0E583BC38 /* AppSearchManager.swift */; };
/* End PBXBuildFile section */

/* Begin PBXFileReference section */
		126B19C0205E107E7D7DD95A /* MainContentView.swift */ = {isa = PBXFileReference; includeInIndex = 1; lastKnownFileType = sourcecode.swift; name = MainContentView.swift; path = JarvisAI/Views/MainContentView.swift; sourceTree = "<group>"; };
		402573B8B47985AC06AC1F9A /* RayModeView.swift */ = {isa = PBXFileReference; includeInIndex = 1; lastKnownFileType = sourcecode.swift; name = RayModeView.swift; path = JarvisAI/Views/RayModeView.swift; sourceTree = "<group>"; };
		4B835BDB487FEE59556E4E08 /* Conversation.swift */ = {isa = PBXFileReference; includeInIndex = 1; lastKnownFileType = sourcecode.swift; name = Conversation.swift; path = JarvisAI/Models/Conversation.swift; sourceTree = "<group>"; };
		4CE132C18C52368A2036EC47 /* AppSearchManager.swift */ = {isa = PBXFileReference; includeInIndex = 1; lastKnownFileType = sourcecode.swift; name = AppSearchManager.swift; path = JarvisAI/Services/RayMode/AppSearchManager.swift; sourceTree = "<group>"; };
		5EBF3032088C583C632DD20E /* SettingsView.swift */ = {isa = PBXFileReference; includeInIndex = 1; lastKnownFileType = sourcecode.swift; name = SettingsView.swift; path = JarvisAI/Views/SettingsView.swift; sourceTree = "<group>"; };
		6012CA6931B40EA48C480C1D /* ConversationService.swift */ = {isa = PBXFileReference; includeInIndex = 1; lastKnownFileType = sourcecode.swift; name = ConversationService.swift; path = JarvisAI/Services/ConversationService.swift; sourceTree = "<group>"; };
		634FBB1CDD7B355FA2653EA1 /* FileAttachmentView.swift */ = {isa = PBXFileReference; includeInIndex = 1; lastKnownFileType = sourcecode.swift; name = FileAttachmentView.swift; path = JarvisAI/Views/FileAttachmentView.swift; sourceTree = "<group>"; };
		6A6B8C6FF3A46C01BE3A0479 /* SidebarView.swift */ = {isa = PBXFileReference; includeInIndex = 1; lastKnownFileType = sourcecode.swift; name = SidebarView.swift; path = JarvisAI/Views/SidebarView.swift; sourceTree = "<group>"; };
		774DABC0C575F0AC2AE77116 /* RayModeViewModel.swift */ = {isa = PBXFileReference; includeInIndex = 1; lastKnownFileType = sourcecode.swift; name = RayModeViewModel.swift; path = JarvisAI/Services/RayMode/RayModeViewModel.swift; sourceTree = "<group>"; };
		7A9309283794B3CF514BD50D /* RayModeView.swift */ = {isa = PBXFileReference; includeInIndex = 1; lastKnownFileType = sourcecode.swift; path = RayModeView.swift; sourceTree = "<group>"; };
		87616BAE84AEC6E0E583BC38 /* AppSearchManager.swift */ = {isa = PBXFileReference; includeInIndex = 1; lastKnownFileType = sourcecode.swift; path = AppSearchManager.swift; sourceTree = "<group>"; };
		8E66E820AC889AD85507F270 /* RayPanelView.swift */ = {isa = PBXFileReference; includeInIndex = 1; lastKnownFileType = sourcecode.swift; path = RayPanelView.swift; sourceTree = "<group>"; };
		A069FB081ABFD9E245C73CD5 /* ConversationViewModel.swift */ = {isa = PBXFileReference; includeInIndex = 1; lastKnownFileType = sourcecode.swift; name = ConversationViewModel.swift; path = JarvisAI/ViewModels/ConversationViewModel.swift; sourceTree = "<group>"; };
		AA0002 /* JarvisAIApp.swift */ = {isa = PBXFileReference; lastKnownFileType = sourcecode.swift; path = JarvisAIApp.swift; sourceTree = "<group>"; };
		AA0004 /* ContentView.swift */ = {isa = PBXFileReference; lastKnownFileType = sourcecode.swift; path = ContentView.swift; sourceTree = "<group>"; };
		AA0006 /* Assets.xcassets */ = {isa = PBXFileReference; lastKnownFileType = folder.assetcatalog; path = Assets.xcassets; sourceTree = "<group>"; };
		AA0008 /* Config.swift */ = {isa = PBXFileReference; lastKnownFileType = sourcecode.swift; path = Config.swift; sourceTree = "<group>"; };
		AA0010 /* APIService.swift */ = {isa = PBXFileReference; lastKnownFileType = sourcecode.swift; path = APIService.swift; sourceTree = "<group>"; };
		AA0012 /* StreamingService.swift */ = {isa = PBXFileReference; lastKnownFileType = sourcecode.swift; path = StreamingService.swift; sourceTree = "<group>"; };
		AA0014 /* Message.swift */ = {isa = PBXFileReference; lastKnownFileType = sourcecode.swift; path = Message.swift; sourceTree = "<group>"; };
		AA0016 /* ChatViewModel.swift */ = {isa = PBXFileReference; lastKnownFileType = sourcecode.swift; path = ChatViewModel.swift; sourceTree = "<group>"; };
		AA0018 /* MessageBubbleView.swift */ = {isa = PBXFileReference; lastKnownFileType = sourcecode.swift; path = MessageBubbleView.swift; sourceTree = "<group>"; };
		AA0020 /* ReasoningDropdownView.swift */ = {isa = PBXFileReference; lastKnownFileType = sourcecode.swift; path = ReasoningDropdownView.swift; sourceTree = "<group>"; };
		AA0022 /* FileUploadView.swift */ = {isa = PBXFileReference; lastKnownFileType = sourcecode.swift; path = FileUploadView.swift; sourceTree = "<group>"; };
		AA0026 /* DesignSystem.swift */ = {isa = PBXFileReference; lastKnownFileType = sourcecode.swift; path = DesignSystem.swift; sourceTree = "<group>"; };
		AA0028 /* AppColors.swift */ = {isa = PBXFileReference; lastKnownFileType = sourcecode.swift; path = AppColors.swift; sourceTree = "<group>"; };
		AA0030 /* Conversation.swift */ = {isa = PBXFileReference; lastKnownFileType = sourcecode.swift; path = Conversation.swift; sourceTree = "<group>"; };
		AA0032 /* ConversationStorage.swift */ = {isa = PBXFileReference; lastKnownFileType = sourcecode.swift; path = ConversationStorage.swift; sourceTree = "<group>"; };
		AA0034 /* ChatDetailView.swift */ = {isa = PBXFileReference; lastKnownFileType = sourcecode.swift; path = ChatDetailView.swift; sourceTree = "<group>"; };
		AA0036 /* MessagesListView.swift */ = {isa = PBXFileReference; lastKnownFileType = sourcecode.swift; path = MessagesListView.swift; sourceTree = "<group>"; };
		AA0038 /* FilePreviewView.swift */ = {isa = PBXFileReference; lastKnownFileType = sourcecode.swift; path = FilePreviewView.swift; sourceTree = "<group>"; };
		AA0040 /* MessageActionsView.swift */ = {isa = PBXFileReference; lastKnownFileType = sourcecode.swift; path = MessageActionsView.swift; sourceTree = "<group>"; };
		AA0042 /* FloatingInputView.swift */ = {isa = PBXFileReference; lastKnownFileType = sourcecode.swift; path = FloatingInputView.swift; sourceTree = "<group>"; };
		AA0044 /* SettingsView.swift */ = {isa = PBXFileReference; lastKnownFileType = sourcecode.swift; path = SettingsView.swift; sourceTree = "<group>"; };
		AA0046 /* SidebarView.swift */ = {isa = PBXFileReference; lastKnownFileType = sourcecode.swift; path = SidebarView.swift; sourceTree = "<group>"; };
		AA0048 /* EmptyStateView.swift */ = {isa = PBXFileReference; lastKnownFileType = sourcecode.swift; path = EmptyStateView.swift; sourceTree = "<group>"; };
		AA0050 /* ConversationExport.swift */ = {isa = PBXFileReference; lastKnownFileType = sourcecode.swift; path = ConversationExport.swift; sourceTree = "<group>"; };
		AA0052 /* FocusView.swift */ = {isa = PBXFileReference; lastKnownFileType = sourcecode.swift; path = FocusView.swift; sourceTree = "<group>"; };
		AA0054 /* FocusPanelView.swift */ = {isa = PBXFileReference; lastKnownFileType = sourcecode.swift; path = FocusPanelView.swift; sourceTree = "<group>"; };
		AA0056 /* AudioPipeline.swift */ = {isa = PBXFileReference; lastKnownFileType = sourcecode.swift; path = AudioPipeline.swift; sourceTree = "<group>"; };
		AA0058 /* SpeechRecognitionService.swift */ = {isa = PBXFileReference; lastKnownFileType = sourcecode.swift; path = SpeechRecognitionService.swift; sourceTree = "<group>"; };
		AA0060 /* SpeechSynthesisService.swift */ = {isa = PBXFileReference; lastKnownFileType = sourcecode.swift; path = SpeechSynthesisService.swift; sourceTree = "<group>"; };
		AA0062 /* ConversationViewModel.swift */ = {isa = PBXFileReference; lastKnownFileType = sourcecode.swift; path = ConversationViewModel.swift; sourceTree = "<group>"; };
		AA0064 /* SiriBlobView.swift */ = {isa = PBXFileReference; lastKnownFileType = sourcecode.swift; path = SiriBlobView.swift; sourceTree = "<group>"; };
		AA0066 /* ConversationModeView.swift */ = {isa = PBXFileReference; lastKnownFileType = sourcecode.swift; path = ConversationModeView.swift; sourceTree = "<group>"; };
		AA0068 /* UnifiedPanelView.swift */ = {isa = PBXFileReference; lastKnownFileType = sourcecode.swift; path = UnifiedPanelView.swift; sourceTree = "<group>"; };
		AA0070 /* JarvisAppIntents.swift */ = {isa = PBXFileReference; lastKnownFileType = sourcecode.swift; path = JarvisAppIntents.swift; sourceTree = "<group>"; };
		AA0072 /* JarvisIntentHandler.swift */ = {isa = PBXFileReference; lastKnownFileType = sourcecode.swift; path = JarvisIntentHandler.swift; sourceTree = "<group>"; };
		AA0074 /* AccessibilityService.swift */ = {isa = PBXFileReference; lastKnownFileType = sourcecode.swift; path = AccessibilityService.swift; sourceTree = "<group>"; };
		AA0076 /* InputSimulator.swift */ = {isa = PBXFileReference; lastKnownFileType = sourcecode.swift; path = InputSimulator.swift; sourceTree = "<group>"; };
		AA0078 /* ShortcutsService.swift */ = {isa = PBXFileReference; lastKnownFileType = sourcecode.swift; path = ShortcutsService.swift; sourceTree = "<group>"; };
		AA0080 /* WorkspaceMonitor.swift */ = {isa = PBXFileReference; lastKnownFileType = sourcecode.swift; path = WorkspaceMonitor.swift; sourceTree = "<group>"; };
		AA0082 /* SystemNotificationService.swift */ = {isa = PBXFileReference; lastKnownFileType = sourcecode.swift; path = SystemNotificationService.swift; sourceTree = "<group>"; };
		AA0084 /* GlobalHotkeyService.swift */ = {isa = PBXFileReference; lastKnownFileType = sourcecode.swift; path = GlobalHotkeyService.swift; sourceTree = "<group>"; };
		AA0086 /* SettingsWindowView.swift */ = {isa = PBXFileReference; lastKnownFileType = sourcecode.swift; path = SettingsWindowView.swift; sourceTree = "<group>"; };
		AAPP01 /* JarvisAI.app */ = {isa = PBXFileReference; explicitFileType = wrapper.application; includeInIndex = 0; path = JarvisAI.app; sourceTree = BUILT_PRODUCTS_DIR; };
		ECF2A12DB55BCB22895CDA7B /* RayModeViewModel.swift */ = {isa = PBXFileReference; includeInIndex = 1; lastKnownFileType = sourcecode.swift; path = RayModeViewModel.swift; sourceTree = "<group>"; };
/* End PBXFileReference section */

/* Begin PBXFrameworksBuildPhase section */
		AAFRAME01 /* Frameworks */ = {
			isa = PBXFrameworksBuildPhase;
			buildActionMask = 2147483647;
			files = (
				AA0023 /* MarkdownUI in Frameworks */,
			);
			runOnlyForDeploymentPostprocessing = 0;
		};
/* End PBXFrameworksBuildPhase section */

/* Begin PBXGroup section */
		5F29DFB1E29BE077BF42C88A /* RayMode */ = {
			isa = PBXGroup;
			children = (
				4CE132C18C52368A2036EC47 /* AppSearchManager.swift */,
				774DABC0C575F0AC2AE77116 /* RayModeViewModel.swift */,
				87616BAE84AEC6E0E583BC38 /* AppSearchManager.swift */,
				ECF2A12DB55BCB22895CDA7B /* RayModeViewModel.swift */,
			);
			name = RayMode;
			path = RayMode;
			sourceTree = "<group>";
		};
		AAINTENT /* AppIntents */ = {
			isa = PBXGroup;
			children = (
				AA0070 /* JarvisAppIntents.swift */,
				AA0072 /* JarvisIntentHandler.swift */,
			);
			path = AppIntents;
			sourceTree = "<group>";
		};
		AAMACCTRL /* MacControl */ = {
			isa = PBXGroup;
			children = (
				AA0074 /* AccessibilityService.swift */,
				AA0076 /* InputSimulator.swift */,
				AA0078 /* ShortcutsService.swift */,
				AA0080 /* WorkspaceMonitor.swift */,
				AA0082 /* SystemNotificationService.swift */,
				AA0084 /* GlobalHotkeyService.swift */,
			);
			path = MacControl;
			sourceTree = "<group>";
		};
		AAMAIN /* JarvisAI */ = {
			isa = PBXGroup;
			children = (
				AA0002 /* JarvisAIApp.swift */,
				AA0004 /* ContentView.swift */,
				AAVIEW /* Views */,
				AAVM /* ViewModels */,
				AASERV /* Services */,
				AAMODL /* Models */,
				AAUTIL /* Utils */,
				AAINTENT /* AppIntents */,
				AA0006 /* Assets.xcassets */,
			);
			path = JarvisAI;
			sourceTree = "<group>";
		};
		AAMODL /* Models */ = {
			isa = PBXGroup;
			children = (
				AA0014 /* Message.swift */,
				AA0030 /* Conversation.swift */,
				4B835BDB487FEE59556E4E08 /* Conversation.swift */,
			);
			path = Models;
			sourceTree = "<group>";
		};
		AAPROD /* Products */ = {
			isa = PBXGroup;
			children = (
				AAPP01 /* JarvisAI.app */,
			);
			name = Products;
			sourceTree = "<group>";
		};
		AAROOT = {
			isa = PBXGroup;
			children = (
				AAMAIN /* JarvisAI */,
				AAPROD /* Products */,
			);
			sourceTree = "<group>";
		};
		AASERV /* Services */ = {
			isa = PBXGroup;
			children = (
				AA0010 /* APIService.swift */,
				AA0012 /* StreamingService.swift */,
				AA0032 /* ConversationStorage.swift */,
				AA0056 /* AudioPipeline.swift */,
				AA0058 /* SpeechRecognitionService.swift */,
				AA0060 /* SpeechSynthesisService.swift */,
				AAMACCTRL /* MacControl */,
				6012CA6931B40EA48C480C1D /* ConversationService.swift */,
				5F29DFB1E29BE077BF42C88A /* RayMode */,
			);
			path = Services;
			sourceTree = "<group>";
		};
		AAUTIL /* Utils */ = {
			isa = PBXGroup;
			children = (
				AA0008 /* Config.swift */,
				AA0026 /* DesignSystem.swift */,
				AA0028 /* AppColors.swift */,
				AA0050 /* ConversationExport.swift */,
			);
			path = Utils;
			sourceTree = "<group>";
		};
		AAVIEW /* Views */ = {
			isa = PBXGroup;
			children = (
				AA0018 /* MessageBubbleView.swift */,
				AA0020 /* ReasoningDropdownView.swift */,
				AA0022 /* FileUploadView.swift */,
				AA0034 /* ChatDetailView.swift */,
				AA0036 /* MessagesListView.swift */,
				AA0038 /* FilePreviewView.swift */,
				AA0040 /* MessageActionsView.swift */,
				AA0042 /* FloatingInputView.swift */,
				AA0044 /* SettingsView.swift */,
				AA0046 /* SidebarView.swift */,
				AA0048 /* EmptyStateView.swift */,
				AA0052 /* FocusView.swift */,
				AA0054 /* FocusPanelView.swift */,
				AA0064 /* SiriBlobView.swift */,
				AA0066 /* ConversationModeView.swift */,
				AA0068 /* UnifiedPanelView.swift */,
				AA0086 /* SettingsWindowView.swift */,
				126B19C0205E107E7D7DD95A /* MainContentView.swift */,
				6A6B8C6FF3A46C01BE3A0479 /* SidebarView.swift */,
				5EBF3032088C583C632DD20E /* SettingsView.swift */,
				634FBB1CDD7B355FA2653EA1 /* FileAttachmentView.swift */,
				402573B8B47985AC06AC1F9A /* RayModeView.swift */,
				7A9309283794B3CF514BD50D /* RayModeView.swift */,
				8E66E820AC889AD85507F270 /* RayPanelView.swift */,
			);
			path = Views;
			sourceTree = "<group>";
		};
		AAVM /* ViewModels */ = {
			isa = PBXGroup;
			children = (
				AA0016 /* ChatViewModel.swift */,
				AA0062 /* ConversationViewModel.swift */,
				A069FB081ABFD9E245C73CD5 /* ConversationViewModel.swift */,
			);
			path = ViewModels;
			sourceTree = "<group>";
		};
/* End PBXGroup section */

/* Begin PBXNativeTarget section */
		AATARG01 /* JarvisAI */ = {
			isa = PBXNativeTarget;
			buildConfigurationList = AACONF01 /* Build configuration list for PBXNativeTarget "JarvisAI" */;
			buildPhases = (
				AASRC01 /* Sources */,
				AAFRAME01 /* Frameworks */,
				AARES01 /* Resources */,
			);
			buildRules = (
			);
			dependencies = (
			);
			name = JarvisAI;
			packageProductDependencies = (
				AA0024 /* MarkdownUI */,
			);
			productName = JarvisAI;
			productReference = AAPP01 /* JarvisAI.app */;
			productType = "com.apple.product-type.application";
		};
/* End PBXNativeTarget section */

/* Begin PBXProject section */
		AAPROJ01 /* Project object */ = {
			isa = PBXProject;
			attributes = {
				BuildIndependentTargetsInParallel = 1;
				LastSwiftUpdateCheck = 1500;
				LastUpgradeCheck = 2620;
			};
			buildConfigurationList = AACONF02 /* Build configuration list for PBXProject "JarvisAI" */;
			compatibilityVersion = "Xcode 14.0";
			developmentRegion = en;
			hasScannedForEncodings = 0;
			knownRegions = (
				en,
				Base,
			);
			mainGroup = AAROOT;
			packageReferences = (
				AAPKG01 /* XCRemoteSwiftPackageReference "swift-markdown-ui" */,
			);
			productRefGroup = AAPROD /* Products */;
			projectDirPath = "";
			projectRoot = "";
			targets = (
				AATARG01 /* JarvisAI */,
			);
		};
/* End PBXProject section */

/* Begin PBXResourcesBuildPhase section */
		AARES01 /* Resources */ = {
			isa = PBXResourcesBuildPhase;
			buildActionMask = 2147483647;
			files = (
				AA0005 /* Assets.xcassets in Resources */,
			);
			runOnlyForDeploymentPostprocessing = 0;
		};
/* End PBXResourcesBuildPhase section */

/* Begin PBXSourcesBuildPhase section */
		AASRC01 /* Sources */ = {
			isa = PBXSourcesBuildPhase;
			buildActionMask = 2147483647;
			files = (
				AA0001 /* JarvisAIApp.swift in Sources */,
				AA0003 /* ContentView.swift in Sources */,
				AA0007 /* Config.swift in Sources */,
				AA0025 /* DesignSystem.swift in Sources */,
				AA0027 /* AppColors.swift in Sources */,
				AA0009 /* APIService.swift in Sources */,
				AA0011 /* StreamingService.swift in Sources */,
				AA0031 /* ConversationStorage.swift in Sources */,
				AA0013 /* Message.swift in Sources */,
				AA0029 /* Conversation.swift in Sources */,
				AA0015 /* ChatViewModel.swift in Sources */,
				AA0017 /* MessageBubbleView.swift in Sources */,
				AA0019 /* ReasoningDropdownView.swift in Sources */,
				AA0021 /* FileUploadView.swift in Sources */,
				AA0033 /* ChatDetailView.swift in Sources */,
				AA0035 /* MessagesListView.swift in Sources */,
				AA0037 /* FilePreviewView.swift in Sources */,
				AA0039 /* MessageActionsView.swift in Sources */,
				AA0041 /* FloatingInputView.swift in Sources */,
				AA0043 /* SettingsView.swift in Sources */,
				AA0045 /* SidebarView.swift in Sources */,
				AA0047 /* EmptyStateView.swift in Sources */,
				AA0049 /* ConversationExport.swift in Sources */,
				AA0051 /* FocusView.swift in Sources */,
				AA0053 /* FocusPanelView.swift in Sources */,
				AA0055 /* AudioPipeline.swift in Sources */,
				AA0057 /* SpeechRecognitionService.swift in Sources */,
				AA0059 /* SpeechSynthesisService.swift in Sources */,
				AA0061 /* ConversationViewModel.swift in Sources */,
				AA0063 /* SiriBlobView.swift in Sources */,
				AA0065 /* ConversationModeView.swift in Sources */,
				AA0067 /* UnifiedPanelView.swift in Sources */,
				AA0069 /* JarvisAppIntents.swift in Sources */,
				AA0071 /* JarvisIntentHandler.swift in Sources */,
				AA0073 /* AccessibilityService.swift in Sources */,
				AA0075 /* InputSimulator.swift in Sources */,
				AA0077 /* ShortcutsService.swift in Sources */,
				AA0079 /* WorkspaceMonitor.swift in Sources */,
				AA0081 /* SystemNotificationService.swift in Sources */,
				AA0083 /* GlobalHotkeyService.swift in Sources */,
				AA0085 /* SettingsWindowView.swift in Sources */,
				DB2CBE182C9CB24447BA8D76 /* AppSearchManager.swift in Sources */,
				12174D665D8C0934C9C89B2F /* RayModeViewModel.swift in Sources */,
				A757F78E0EE01836E8517DAF /* RayModeView.swift in Sources */,
				35BE2C87AB90254BBE37F88A /* RayPanelView.swift in Sources */,
			);
			runOnlyForDeploymentPostprocessing = 0;
		};
/* End PBXSourcesBuildPhase section */

/* Begin XCBuildConfiguration section */
		AABUILD01 /* Debug */ = {
			isa = XCBuildConfiguration;
			buildSettings = {
				ASSETCATALOG_COMPILER_APPICON_NAME = AppIcon;
				CODE_SIGN_STYLE = Automatic;
				CURRENT_PROJECT_VERSION = 1;
				DEAD_CODE_STRIPPING = YES;
				DEVELOPMENT_TEAM = "";
				ENABLE_PREVIEWS = YES;
				GENERATE_INFOPLIST_FILE = YES;
				INFOPLIST_KEY_LSApplicationCategoryType = "public.app-category.productivity";
				INFOPLIST_KEY_NSMicrophoneUsageDescription = "Jarvis needs microphone access for voice conversations.";
				INFOPLIST_KEY_NSSpeechRecognitionUsageDescription = "Jarvis uses on-device speech recognition to understand your voice.";
				LD_RUNPATH_SEARCH_PATHS = (
					"$(inherited)",
					"@executable_path/../Frameworks",
				);
				MACOSX_DEPLOYMENT_TARGET = 13.0;
				MARKETING_VERSION = 1.0;
				PRODUCT_BUNDLE_IDENTIFIER = com.jarvis.ai;
				PRODUCT_NAME = "$(TARGET_NAME)";
				SDKROOT = macosx;
				SUPPORTED_PLATFORMS = macosx;
				SWIFT_EMIT_LOC_STRINGS = YES;
				SWIFT_VERSION = 5.0;
			};
			name = Debug;
		};
		AABUILD02 /* Release */ = {
			isa = XCBuildConfiguration;
			buildSettings = {
				ASSETCATALOG_COMPILER_APPICON_NAME = AppIcon;
				CODE_SIGN_STYLE = Automatic;
				CURRENT_PROJECT_VERSION = 1;
				DEAD_CODE_STRIPPING = YES;
				DEVELOPMENT_TEAM = "";
				ENABLE_PREVIEWS = YES;
				GENERATE_INFOPLIST_FILE = YES;
				INFOPLIST_KEY_LSApplicationCategoryType = "public.app-category.productivity";
				INFOPLIST_KEY_NSMicrophoneUsageDescription = "Jarvis needs microphone access for voice conversations.";
				INFOPLIST_KEY_NSSpeechRecognitionUsageDescription = "Jarvis uses on-device speech recognition to understand your voice.";
				LD_RUNPATH_SEARCH_PATHS = (
					"$(inherited)",
					"@executable_path/../Frameworks",
				);
				MACOSX_DEPLOYMENT_TARGET = 13.0;
				MARKETING_VERSION = 1.0;
				PRODUCT_BUNDLE_IDENTIFIER = com.jarvis.ai;
				PRODUCT_NAME = "$(TARGET_NAME)";
				SDKROOT = macosx;
				SUPPORTED_PLATFORMS = macosx;
				SWIFT_EMIT_LOC_STRINGS = YES;
				SWIFT_VERSION = 5.0;
			};
			name = Release;
		};
		AAPRJD01 /* Debug */ = {
			isa = XCBuildConfiguration;
			buildSettings = {
				ALWAYS_SEARCH_USER_PATHS = NO;
				ASSETCATALOG_COMPILER_GENERATE_SWIFT_ASSET_SYMBOL_EXTENSIONS = YES;
				CLANG_ANALYZER_NONNULL = YES;
				CLANG_ANALYZER_NUMBER_OBJECT_CONVERSION = YES_AGGRESSIVE;
				CLANG_CXX_LANGUAGE_STANDARD = "gnu++20";
				CLANG_ENABLE_MODULES = YES;
				CLANG_ENABLE_OBJC_ARC = YES;
				CLANG_ENABLE_OBJC_WEAK = YES;
				CLANG_WARN_BLOCK_CAPTURE_AUTORELEASING = YES;
				CLANG_WARN_BOOL_CONVERSION = YES;
				CLANG_WARN_COMMA = YES;
				CLANG_WARN_CONSTANT_CONVERSION = YES;
				CLANG_WARN_DEPRECATED_OBJC_IMPLEMENTATIONS = YES;
				CLANG_WARN_DIRECT_OBJC_ISA_USAGE = YES_ERROR;
				CLANG_WARN_DOCUMENTATION_COMMENTS = YES;
				CLANG_WARN_EMPTY_BODY = YES;
				CLANG_WARN_ENUM_CONVERSION = YES;
				CLANG_WARN_INFINITE_RECURSION = YES;
				CLANG_WARN_INT_CONVERSION = YES;
				CLANG_WARN_NON_LITERAL_NULL_CONVERSION = YES;
				CLANG_WARN_OBJC_IMPLICIT_RETAIN_SELF = YES;
				CLANG_WARN_OBJC_LITERAL_CONVERSION = YES;
				CLANG_WARN_OBJC_ROOT_CLASS = YES_ERROR;
				CLANG_WARN_QUOTED_INCLUDE_IN_FRAMEWORK_HEADER = YES;
				CLANG_WARN_RANGE_LOOP_ANALYSIS = YES;
				CLANG_WARN_STRICT_PROTOTYPES = YES;
				CLANG_WARN_SUSPICIOUS_MOVE = YES;
				CLANG_WARN_UNGUARDED_AVAILABILITY = YES_AGGRESSIVE;
				CLANG_WARN_UNREACHABLE_CODE = YES;
				CLANG_WARN__DUPLICATE_METHOD_MATCH = YES;
				COPY_PHASE_STRIP = NO;
				DEAD_CODE_STRIPPING = YES;
				DEBUG_INFORMATION_FORMAT = dwarf;
				ENABLE_STRICT_OBJC_MSGSEND = YES;
				ENABLE_TESTABILITY = YES;
				ENABLE_USER_SCRIPT_SANDBOXING = YES;
				GCC_C_LANGUAGE_STANDARD = gnu11;
				GCC_DYNAMIC_NO_PIC = NO;
				GCC_NO_COMMON_BLOCKS = YES;
				GCC_OPTIMIZATION_LEVEL = 0;
				GCC_PREPROCESSOR_DEFINITIONS = (
					"DEBUG=1",
					"$(inherited)",
				);
				GCC_WARN_64_TO_32_BIT_CONVERSION = YES;
				GCC_WARN_ABOUT_RETURN_TYPE = YES_ERROR;
				GCC_WARN_UNDECLARED_SELECTOR = YES;
				GCC_WARN_UNINITIALIZED_AUTOS = YES_AGGRESSIVE;
				GCC_WARN_UNUSED_FUNCTION = YES;
				GCC_WARN_UNUSED_VARIABLE = YES;
				MTL_ENABLE_DEBUG_INFO = INCLUDE_SOURCE;
				MTL_FAST_MATH = YES;
				ONLY_ACTIVE_ARCH = YES;
				STRING_CATALOG_GENERATE_SYMBOLS = YES;
				SWIFT_ACTIVE_COMPILATION_CONDITIONS = DEBUG;
				SWIFT_OPTIMIZATION_LEVEL = "-Onone";
			};
			name = Debug;
		};
		AAPRJR01 /* Release */ = {
			isa = XCBuildConfiguration;
			buildSettings = {
				ALWAYS_SEARCH_USER_PATHS = NO;
				ASSETCATALOG_COMPILER_GENERATE_SWIFT_ASSET_SYMBOL_EXTENSIONS = YES;
				CLANG_ANALYZER_NONNULL = YES;
				CLANG_ANALYZER_NUMBER_OBJECT_CONVERSION = YES_AGGRESSIVE;
				CLANG_CXX_LANGUAGE_STANDARD = "gnu++20";
				CLANG_ENABLE_MODULES = YES;
				CLANG_ENABLE_OBJC_ARC = YES;
				CLANG_ENABLE_OBJC_WEAK = YES;
				CLANG_WARN_BLOCK_CAPTURE_AUTORELEASING = YES;
				CLANG_WARN_BOOL_CONVERSION = YES;
				CLANG_WARN_COMMA = YES;
				CLANG_WARN_CONSTANT_CONVERSION = YES;
				CLANG_WARN_DEPRECATED_OBJC_IMPLEMENTATIONS = YES;
				CLANG_WARN_DIRECT_OBJC_ISA_USAGE = YES_ERROR;
				CLANG_WARN_DOCUMENTATION_COMMENTS = YES;
				CLANG_WARN_EMPTY_BODY = YES;
				CLANG_WARN_ENUM_CONVERSION = YES;
				CLANG_WARN_INFINITE_RECURSION = YES;
				CLANG_WARN_INT_CONVERSION = YES;
				CLANG_WARN_NON_LITERAL_NULL_CONVERSION = YES;
				CLANG_WARN_OBJC_IMPLICIT_RETAIN_SELF = YES;
				CLANG_WARN_OBJC_LITERAL_CONVERSION = YES;
				CLANG_WARN_OBJC_ROOT_CLASS = YES_ERROR;
				CLANG_WARN_QUOTED_INCLUDE_IN_FRAMEWORK_HEADER = YES;
				CLANG_WARN_RANGE_LOOP_ANALYSIS = YES;
				CLANG_WARN_STRICT_PROTOTYPES = YES;
				CLANG_WARN_SUSPICIOUS_MOVE = YES;
				CLANG_WARN_UNGUARDED_AVAILABILITY = YES_AGGRESSIVE;
				CLANG_WARN_UNREACHABLE_CODE = YES;
				CLANG_WARN__DUPLICATE_METHOD_MATCH = YES;
				COPY_PHASE_STRIP = NO;
				DEAD_CODE_STRIPPING = YES;
				DEBUG_INFORMATION_FORMAT = "dwarf-with-dsym";
				ENABLE_NS_ASSERTIONS = NO;
				ENABLE_STRICT_OBJC_MSGSEND = YES;
				ENABLE_USER_SCRIPT_SANDBOXING = YES;
				GCC_C_LANGUAGE_STANDARD = gnu11;
				GCC_NO_COMMON_BLOCKS = YES;
				GCC_WARN_64_TO_32_BIT_CONVERSION = YES;
				GCC_WARN_ABOUT_RETURN_TYPE = YES_ERROR;
				GCC_WARN_UNDECLARED_SELECTOR = YES;
				GCC_WARN_UNINITIALIZED_AUTOS = YES_AGGRESSIVE;
				GCC_WARN_UNUSED_FUNCTION = YES;
				GCC_WARN_UNUSED_VARIABLE = YES;
				MTL_ENABLE_DEBUG_INFO = NO;
				MTL_FAST_MATH = YES;
				STRING_CATALOG_GENERATE_SYMBOLS = YES;
				SWIFT_COMPILATION_MODE = wholemodule;
				SWIFT_OPTIMIZATION_LEVEL = "-O";
			};
			name = Release;
		};
/* End XCBuildConfiguration section */

/* Begin XCConfigurationList section */
		AACONF01 /* Build configuration list for PBXNativeTarget "JarvisAI" */ = {
			isa = XCConfigurationList;
			buildConfigurations = (
				AABUILD01 /* Debug */,
				AABUILD02 /* Release */,
			);
			defaultConfigurationIsVisible = 0;
			defaultConfigurationName = Release;
		};
		AACONF02 /* Build configuration list for PBXProject "JarvisAI" */ = {
			isa = XCConfigurationList;
			buildConfigurations = (
				AAPRJD01 /* Debug */,
				AAPRJR01 /* Release */,
			);
			defaultConfigurationIsVisible = 0;
			defaultConfigurationName = Release;
		};
/* End XCConfigurationList section */

/* Begin XCRemoteSwiftPackageReference section */
		AAPKG01 /* XCRemoteSwiftPackageReference "swift-markdown-ui" */ = {
			isa = XCRemoteSwiftPackageReference;
			repositoryURL = "https://github.com/gonzalezreal/swift-markdown-ui";
			requirement = {
				kind = upToNextMajorVersion;
				minimumVersion = 2.0.0;
			};
		};
/* End XCRemoteSwiftPackageReference section */

/* Begin XCSwiftPackageProductDependency section */
		AA0024 /* MarkdownUI */ = {
			isa = XCSwiftPackageProductDependency;
			package = AAPKG01 /* XCRemoteSwiftPackageReference "swift-markdown-ui" */;
			productName = MarkdownUI;
		};
/* End XCSwiftPackageProductDependency section */
	};
	rootObject = AAPROJ01 /* Project object */;
}
